<?xml version="1.0" encoding="utf-8"?>
<Project ToolsVersion="4.0" xmlns="http://schemas.microsoft.com/developer/msbuild/2003">
  <ItemGroup>
    <Filter Include="소스 파일">
      <UniqueIdentifier>{4FC737F1-C7A5-4376-A066-2A32D752A2FF}</UniqueIdentifier>
      <Extensions>cpp;c;cc;cxx;def;odl;idl;hpj;bat;asm;asmx</Extensions>
    </Filter>
    <Filter Include="헤더 파일">
      <UniqueIdentifier>{93995380-89BD-4b04-88EB-625FBE52EBFB}</UniqueIdentifier>
      <Extensions>h;hh;hpp;hxx;hm;inl;inc;ipp;xsd</Extensions>
    </Filter>
    <Filter Include="리소스 파일">
      <UniqueIdentifier>{67DA6AB6-F800-4c08-8B7A-83BB121AAD01}</UniqueIdentifier>
      <Extensions>rc;ico;cur;bmp;dlg;rc2;rct;bin;rgs;gif;jpg;jpeg;jpe;resx;tiff;tif;png;wav;mfcribbon-ms</Extensions>
    </Filter>
    <Filter Include="2DGameFramework">
      <UniqueIdentifier>{acc8cb01-70a4-4cc6-9d88-d32134c13a9f}</UniqueIdentifier>
    </Filter>
    <Filter Include="2DGameFramework\SingletonBase">
      <UniqueIdentifier>{8f2c2318-9b69-434a-838a-8649fb3d732d}</UniqueIdentifier>
    </Filter>
    <Filter Include="2DGameFramework\Manager">
      <UniqueIdentifier>{16fac473-44a9-4f96-870f-27a66bc8d31e}</UniqueIdentifier>
    </Filter>
    <Filter Include="2DGameFramework\image">
      <UniqueIdentifier>{7fcd4216-76a8-48f1-a13f-4afb68ded7c5}</UniqueIdentifier>
    </Filter>
    <Filter Include="2DGameFramework\Util">
      <UniqueIdentifier>{7d7b862c-abb8-408f-a500-97d6ced2a4fd}</UniqueIdentifier>
    </Filter>
    <Filter Include="2DGameFramework\progressBar">
      <UniqueIdentifier>{c1cc7a2a-bdac-47e2-bf6f-f3b70adb4fac}</UniqueIdentifier>
    </Filter>
    <Filter Include="2DGameFramework\txtData">
      <UniqueIdentifier>{511868d2-4d81-4fc3-bf82-6322d9df63e4}</UniqueIdentifier>
    </Filter>
    <Filter Include="2DGameFramework\timer">
      <UniqueIdentifier>{6110c452-b2ac-48e8-ac0c-90e7d5151e36}</UniqueIdentifier>
    </Filter>
    <Filter Include="2DGameFramework\animation">
      <UniqueIdentifier>{a76d591a-6507-4a2b-aeab-11c470a3f2dd}</UniqueIdentifier>
    </Filter>
    <Filter Include="2DGameFramework\effect">
      <UniqueIdentifier>{0dbf570f-42b2-481b-8632-983fa151eedb}</UniqueIdentifier>
    </Filter>
    <Filter Include="2DGameFramework\button">
      <UniqueIdentifier>{edec0274-25d5-4cd4-9858-73c06504f062}</UniqueIdentifier>
    </Filter>
    <Filter Include="2DGameFramework\action">
      <UniqueIdentifier>{a505733a-b5f1-416e-941e-fb290e7b22a8}</UniqueIdentifier>
    </Filter>
    <Filter Include="Castlevania">
      <UniqueIdentifier>{81ef0d09-364b-467c-92b5-68b9438212f6}</UniqueIdentifier>
    </Filter>
    <Filter Include="Castlevania\MapManager">
      <UniqueIdentifier>{a47ec447-08e3-48b6-8067-e55073eee3fe}</UniqueIdentifier>
    </Filter>
    <Filter Include="Castlevania\MonsterManager">
      <UniqueIdentifier>{05230048-ff52-494c-9f57-896bd32ac026}</UniqueIdentifier>
    </Filter>
    <Filter Include="Castlevania\Alucard">
      <UniqueIdentifier>{62504382-2272-4e02-a119-bb9feb37f784}</UniqueIdentifier>
    </Filter>
    <Filter Include="Castlevania\MonsterManager\Monster">
      <UniqueIdentifier>{b570513e-0f19-4a54-bd56-3a1b0eb9af49}</UniqueIdentifier>
    </Filter>
    <Filter Include="Castlevania\MonsterManager\Boss">
      <UniqueIdentifier>{ab687f25-7442-4045-aa4f-0c6e681c8fd8}</UniqueIdentifier>
    </Filter>
    <Filter Include="Castlevania\ItemManager">
      <UniqueIdentifier>{613d78f6-f878-4ab4-b6c7-9116a3b63c8e}</UniqueIdentifier>
    </Filter>
    <Filter Include="Castlevania\ItemManager\Item">
      <UniqueIdentifier>{fcd7e10b-5701-42d3-bfc5-09b3633d2804}</UniqueIdentifier>
    </Filter>
  </ItemGroup>
  <ItemGroup>
    <ClInclude Include="stdafx.h">
      <Filter>헤더 파일</Filter>
    </ClInclude>
    <ClInclude Include="targetver.h">
      <Filter>헤더 파일</Filter>
    </ClInclude>
    <ClInclude Include="Resource.h">
      <Filter>헤더 파일</Filter>
    </ClInclude>
    <ClInclude Include="windowAPI.h">
      <Filter>헤더 파일</Filter>
    </ClInclude>
    <ClInclude Include="commonMacroFunction.h">
      <Filter>헤더 파일</Filter>
    </ClInclude>
    <ClInclude Include="gameNode.h">
      <Filter>2DGameFramework</Filter>
    </ClInclude>
    <ClInclude Include="singletonBase.h">
      <Filter>2DGameFramework\SingletonBase</Filter>
    </ClInclude>
    <ClInclude Include="randomFunction.h">
      <Filter>헤더 파일</Filter>
    </ClInclude>
    <ClInclude Include="keyManager.h">
      <Filter>2DGameFramework\Manager</Filter>
    </ClInclude>
    <ClInclude Include="image.h">
      <Filter>2DGameFramework\image</Filter>
    </ClInclude>
    <ClInclude Include="utils.h">
      <Filter>2DGameFramework\Util</Filter>
    </ClInclude>
    <ClInclude Include="imageManager.h">
      <Filter>2DGameFramework\Manager</Filter>
    </ClInclude>
    <ClInclude Include="progressBar.h">
      <Filter>2DGameFramework\progressBar</Filter>
    </ClInclude>
    <ClInclude Include="txtData.h">
      <Filter>2DGameFramework\txtData</Filter>
    </ClInclude>
    <ClInclude Include="timer.h">
      <Filter>2DGameFramework\timer</Filter>
    </ClInclude>
    <ClInclude Include="timeManager.h">
      <Filter>2DGameFramework\Manager</Filter>
    </ClInclude>
    <ClInclude Include="animation.h">
      <Filter>2DGameFramework\animation</Filter>
    </ClInclude>
    <ClInclude Include="effect.h">
      <Filter>2DGameFramework\effect</Filter>
    </ClInclude>
    <ClInclude Include="effectManager.h">
      <Filter>2DGameFramework\Manager</Filter>
    </ClInclude>
    <ClInclude Include="soundManager.h">
      <Filter>2DGameFramework\Manager</Filter>
    </ClInclude>
    <ClInclude Include="sceneManager.h">
      <Filter>2DGameFramework\Manager</Filter>
    </ClInclude>
    <ClInclude Include="button.h">
      <Filter>2DGameFramework\button</Filter>
    </ClInclude>
    <ClInclude Include="action.h">
      <Filter>2DGameFramework\action</Filter>
    </ClInclude>
    <ClInclude Include="keyAniManager.h">
      <Filter>2DGameFramework\Manager</Filter>
    </ClInclude>
    <ClInclude Include="cameraManager.h">
      <Filter>2DGameFramework\Manager</Filter>
    </ClInclude>
    <ClInclude Include="Map_02.h">
      <Filter>Castlevania\MapManager</Filter>
    </ClInclude>
    <ClInclude Include="Map_03.h">
      <Filter>Castlevania\MapManager</Filter>
    </ClInclude>
    <ClInclude Include="Map_01.h">
      <Filter>Castlevania\MapManager</Filter>
    </ClInclude>
    <ClInclude Include="Map_04.h">
      <Filter>Castlevania\MapManager</Filter>
    </ClInclude>
    <ClInclude Include="Map_05.h">
      <Filter>Castlevania\MapManager</Filter>
    </ClInclude>
    <ClInclude Include="Map_06.h">
      <Filter>Castlevania\MapManager</Filter>
    </ClInclude>
    <ClInclude Include="Map_07.h">
      <Filter>Castlevania\MapManager</Filter>
    </ClInclude>
    <ClInclude Include="Map_08.h">
      <Filter>Castlevania\MapManager</Filter>
    </ClInclude>
    <ClInclude Include="Map_09.h">
      <Filter>Castlevania\MapManager</Filter>
    </ClInclude>
    <ClInclude Include="Map_10.h">
      <Filter>Castlevania\MapManager</Filter>
    </ClInclude>
    <ClInclude Include="Map_11.h">
      <Filter>Castlevania\MapManager</Filter>
    </ClInclude>
    <ClInclude Include="Map_12.h">
      <Filter>Castlevania\MapManager</Filter>
    </ClInclude>
    <ClInclude Include="Map_13.h">
      <Filter>Castlevania\MapManager</Filter>
    </ClInclude>
    <ClInclude Include="Map_13_1.h">
      <Filter>Castlevania\MapManager</Filter>
    </ClInclude>
    <ClInclude Include="Map_14.h">
      <Filter>Castlevania\MapManager</Filter>
    </ClInclude>
    <ClInclude Include="Map_15.h">
      <Filter>Castlevania\MapManager</Filter>
    </ClInclude>
    <ClInclude Include="Map_16.h">
      <Filter>Castlevania\MapManager</Filter>
    </ClInclude>
    <ClInclude Include="Map_08_1.h">
      <Filter>Castlevania\MapManager</Filter>
    </ClInclude>
    <ClInclude Include="playGround.h">
      <Filter>Castlevania</Filter>
    </ClInclude>
    <ClInclude Include="MapManager.h">
      <Filter>Castlevania\MapManager</Filter>
    </ClInclude>
    <ClInclude Include="MapMaster.h">
      <Filter>Castlevania\MapManager</Filter>
    </ClInclude>
    <ClInclude Include="Monster.h">
      <Filter>Castlevania\MonsterManager</Filter>
    </ClInclude>
    <ClInclude Include="MonsterManager.h">
      <Filter>Castlevania\MonsterManager</Filter>
    </ClInclude>
    <ClInclude Include="Alucard.h">
      <Filter>Castlevania\Alucard</Filter>
    </ClInclude>
    <ClInclude Include="Monster_Armored_Knight.h">
      <Filter>Castlevania\MonsterManager\Monster</Filter>
    </ClInclude>
    <ClInclude Include="Monster_Medusa_Head.h">
      <Filter>Castlevania\MonsterManager\Monster</Filter>
    </ClInclude>
    <ClInclude Include="Monster_Merman.h">
      <Filter>Castlevania\MonsterManager\Monster</Filter>
    </ClInclude>
    <ClInclude Include="Monster_Skeleton.h">
      <Filter>Castlevania\MonsterManager\Monster</Filter>
    </ClInclude>
    <ClInclude Include="Monster_Skeleton_Knight.h">
      <Filter>Castlevania\MonsterManager\Monster</Filter>
    </ClInclude>
    <ClInclude Include="Boss_Gargoyle.h">
      <Filter>Castlevania\MonsterManager\Boss</Filter>
    </ClInclude>
    <ClInclude Include="Boss_Slogra.h">
      <Filter>Castlevania\MonsterManager\Boss</Filter>
    </ClInclude>
    <ClInclude Include="GameData.h">
      <Filter>Castlevania</Filter>
    </ClInclude>
    <ClInclude Include="CharacterAttack.h">
      <Filter>Castlevania\Alucard</Filter>
    </ClInclude>
    <ClInclude Include="MonsterAttack.h">
      <Filter>Castlevania\MonsterManager</Filter>
    </ClInclude>
    <ClInclude Include="Boss_Death.h">
      <Filter>Castlevania\MonsterManager\Boss</Filter>
    </ClInclude>
    <ClInclude Include="Item.h">
      <Filter>Castlevania\ItemManager</Filter>
    </ClInclude>
    <ClInclude Include="ItemManager.h">
      <Filter>Castlevania\ItemManager</Filter>
    </ClInclude>
    <ClInclude Include="HealItem.h">
      <Filter>Castlevania\ItemManager\Item</Filter>
    </ClInclude>
    <ClInclude Include="Item_Money.h">
      <Filter>Castlevania\ItemManager\Item</Filter>
    </ClInclude>
    <ClInclude Include="Sword.h">
      <Filter>Castlevania\ItemManager\Item</Filter>
    </ClInclude>
    <ClInclude Include="Sword_02.h">
      <Filter>Castlevania\ItemManager\Item</Filter>
    </ClInclude>
    <ClInclude Include="ManaItem.h">
      <Filter>Castlevania\ItemManager\Item</Filter>
    </ClInclude>
    <ClInclude Include="MainMenu.h">
      <Filter>Castlevania\MapManager</Filter>
    </ClInclude>
  </ItemGroup>
  <ItemGroup>
    <ClCompile Include="stdafx.cpp">
      <Filter>소스 파일</Filter>
    </ClCompile>
    <ClCompile Include="windowAPI.cpp">
      <Filter>소스 파일</Filter>
    </ClCompile>
    <ClCompile Include="gameNode.cpp">
      <Filter>2DGameFramework</Filter>
    </ClCompile>
    <ClCompile Include="keyManager.cpp">
      <Filter>2DGameFramework\Manager</Filter>
    </ClCompile>
    <ClCompile Include="image.cpp">
      <Filter>2DGameFramework\image</Filter>
    </ClCompile>
    <ClCompile Include="utils.cpp">
      <Filter>2DGameFramework\Util</Filter>
    </ClCompile>
    <ClCompile Include="imageManager.cpp">
      <Filter>2DGameFramework\Manager</Filter>
    </ClCompile>
    <ClCompile Include="progressBar.cpp">
      <Filter>2DGameFramework\progressBar</Filter>
    </ClCompile>
    <ClCompile Include="txtData.cpp">
      <Filter>2DGameFramework\txtData</Filter>
    </ClCompile>
    <ClCompile Include="timer.cpp">
      <Filter>2DGameFramework\timer</Filter>
    </ClCompile>
    <ClCompile Include="timeManager.cpp">
      <Filter>2DGameFramework\Manager</Filter>
    </ClCompile>
    <ClCompile Include="animation.cpp">
      <Filter>2DGameFramework\animation</Filter>
    </ClCompile>
    <ClCompile Include="effect.cpp">
      <Filter>2DGameFramework\effect</Filter>
    </ClCompile>
    <ClCompile Include="effectManager.cpp">
      <Filter>2DGameFramework\Manager</Filter>
    </ClCompile>
    <ClCompile Include="soundManager.cpp">
      <Filter>2DGameFramework\Manager</Filter>
    </ClCompile>
    <ClCompile Include="sceneManager.cpp">
      <Filter>2DGameFramework\Manager</Filter>
    </ClCompile>
    <ClCompile Include="button.cpp">
      <Filter>2DGameFramework\button</Filter>
    </ClCompile>
    <ClCompile Include="action.cpp">
      <Filter>2DGameFramework\action</Filter>
    </ClCompile>
    <ClCompile Include="keyAniManager.cpp">
      <Filter>2DGameFramework\Manager</Filter>
    </ClCompile>
    <ClCompile Include="cameraManager.cpp">
      <Filter>2DGameFramework\Manager</Filter>
    </ClCompile>
    <ClCompile Include="Map_02.cpp">
      <Filter>Castlevania\MapManager</Filter>
    </ClCompile>
    <ClCompile Include="Map_03.cpp">
      <Filter>Castlevania\MapManager</Filter>
    </ClCompile>
    <ClCompile Include="Map_01.cpp">
      <Filter>Castlevania\MapManager</Filter>
    </ClCompile>
    <ClCompile Include="Map_04.cpp">
      <Filter>Castlevania\MapManager</Filter>
    </ClCompile>
    <ClCompile Include="Map_05.cpp">
      <Filter>Castlevania\MapManager</Filter>
    </ClCompile>
    <ClCompile Include="Map_06.cpp">
      <Filter>Castlevania\MapManager</Filter>
    </ClCompile>
    <ClCompile Include="Map_07.cpp">
      <Filter>Castlevania\MapManager</Filter>
    </ClCompile>
    <ClCompile Include="Map_08.cpp">
      <Filter>Castlevania\MapManager</Filter>
    </ClCompile>
    <ClCompile Include="Map_09.cpp">
      <Filter>Castlevania\MapManager</Filter>
    </ClCompile>
    <ClCompile Include="Map_10.cpp">
      <Filter>Castlevania\MapManager</Filter>
    </ClCompile>
    <ClCompile Include="Map_11.cpp">
      <Filter>Castlevania\MapManager</Filter>
    </ClCompile>
    <ClCompile Include="Map_12.cpp">
      <Filter>Castlevania\MapManager</Filter>
    </ClCompile>
    <ClCompile Include="Map_13.cpp">
      <Filter>Castlevania\MapManager</Filter>
    </ClCompile>
    <ClCompile Include="Map_13_1.cpp">
      <Filter>Castlevania\MapManager</Filter>
    </ClCompile>
    <ClCompile Include="Map_14.cpp">
      <Filter>Castlevania\MapManager</Filter>
    </ClCompile>
    <ClCompile Include="Map_15.cpp">
      <Filter>Castlevania\MapManager</Filter>
    </ClCompile>
    <ClCompile Include="Map_16.cpp">
      <Filter>Castlevania\MapManager</Filter>
    </ClCompile>
    <ClCompile Include="Map_08_1.cpp">
      <Filter>Castlevania\MapManager</Filter>
    </ClCompile>
    <ClCompile Include="playGround.cpp">
      <Filter>Castlevania</Filter>
    </ClCompile>
    <ClCompile Include="MapManager.cpp">
      <Filter>Castlevania\MapManager</Filter>
    </ClCompile>
    <ClCompile Include="MapMaster.cpp">
      <Filter>Castlevania\MapManager</Filter>
    </ClCompile>
    <ClCompile Include="Monster.cpp">
      <Filter>Castlevania\MonsterManager</Filter>
    </ClCompile>
    <ClCompile Include="MonsterManager.cpp">
      <Filter>Castlevania\MonsterManager</Filter>
    </ClCompile>
    <ClCompile Include="Alucard.cpp">
      <Filter>Castlevania\Alucard</Filter>
    </ClCompile>
    <ClCompile Include="Monster_Armored_Knight.cpp">
      <Filter>Castlevania\MonsterManager\Monster</Filter>
    </ClCompile>
    <ClCompile Include="Monster_Medusa_Head.cpp">
      <Filter>Castlevania\MonsterManager\Monster</Filter>
    </ClCompile>
    <ClCompile Include="Monster_Merman.cpp">
      <Filter>Castlevania\MonsterManager\Monster</Filter>
    </ClCompile>
    <ClCompile Include="Monster_Skeleton.cpp">
      <Filter>Castlevania\MonsterManager\Monster</Filter>
    </ClCompile>
    <ClCompile Include="Monster_Skeleton_Knight.cpp">
      <Filter>Castlevania\MonsterManager\Monster</Filter>
    </ClCompile>
    <ClCompile Include="Boss_Gargoyle.cpp">
      <Filter>Castlevania\MonsterManager\Boss</Filter>
    </ClCompile>
    <ClCompile Include="Boss_Slogra.cpp">
      <Filter>Castlevania\MonsterManager\Boss</Filter>
    </ClCompile>
    <ClCompile Include="Character_PixelCollision.cpp">
      <Filter>Castlevania\Alucard</Filter>
    </ClCompile>
    <ClCompile Include="GameData.cpp">
      <Filter>Castlevania</Filter>
    </ClCompile>
    <ClCompile Include="CharacterAttack.cpp">
      <Filter>Castlevania\Alucard</Filter>
    </ClCompile>
    <ClCompile Include="MonsterAttack.cpp">
      <Filter>Castlevania\MonsterManager</Filter>
    </ClCompile>
    <ClCompile Include="Boss_Death.cpp">
      <Filter>Castlevania\MonsterManager\Boss</Filter>
    </ClCompile>
    <ClCompile Include="Item.cpp">
      <Filter>Castlevania\ItemManager</Filter>
    </ClCompile>
    <ClCompile Include="ItemManager.cpp">
      <Filter>Castlevania\ItemManager</Filter>
    </ClCompile>
    <ClCompile Include="HealItem.cpp">
      <Filter>Castlevania\ItemManager\Item</Filter>
    </ClCompile>
    <ClCompile Include="Item_Money.cpp">
      <Filter>Castlevania\ItemManager\Item</Filter>
    </ClCompile>
    <ClCompile Include="Sword.cpp">
      <Filter>Castlevania\ItemManager\Item</Filter>
    </ClCompile>
    <ClCompile Include="Sword_02.cpp">
      <Filter>Castlevania\ItemManager\Item</Filter>
    </ClCompile>
    <ClCompile Include="ManaItem.cpp">
      <Filter>Castlevania\ItemManager\Item</Filter>
    </ClCompile>
    <ClCompile Include="MainMenu.cpp">
      <Filter>Castlevania\MapManager</Filter>
    </ClCompile>
  </ItemGroup>
  <ItemGroup>
    <ResourceCompile Include="windowAPI.rc">
      <Filter>리소스 파일</Filter>
    </ResourceCompile>
  </ItemGroup>
  <ItemGroup>
    <Image Include="small.ico">
      <Filter>리소스 파일</Filter>
    </Image>
    <Image Include="windowAPI.ico">
      <Filter>리소스 파일</Filter>
    </Image>
  </ItemGroup>
</Project>